
Microsoft Visual Studio Solution File, Format Version 12.00
# Visual Studio 2012
Project("{FAE04EC0-301F-11D3-BF4B-00C04F79EFBC}") = "TerrainTutorial1", "TerrainTutorial1\TerrainTutorial1.csproj", "{E54BB75F-7BE5-4A3A-9B48-3DA91643B636}"
EndProject
Project("{FAE04EC0-301F-11D3-BF4B-00C04F79EFBC}") = "TerrainTutorial2", "TerrainTutorial2\TerrainTutorial2.csproj", "{7A5E07FF-7EA3-4B01-92D2-38E2FADC8454}"
EndProject
Project("{FAE04EC0-301F-11D3-BF4B-00C04F79EFBC}") = "TerrainTutorial3", "TerrainTutorial3\TerrainTutorial3.csproj", "{4A5E07FF-7EA3-4B01-92D2-38E2FADC8454}"
EndProject
Project("{FAE04EC0-301F-11D3-BF4B-00C04F79EFBC}") = "TerrainTutorial4", "TerrainTutorial4\TerrainTutorial4.csproj", "{5A5E07FF-7EA3-4B01-92D2-38E2FADC8454}"
EndProject
Project("{FAE04EC0-301F-11D3-BF4B-00C04F79EFBC}") = "TerrainTutorial5", "TerrainTutorial5\TerrainTutorial5.csproj", "{6A5E07FF-7EA3-4B01-92D2-38E2FADC8454}"
EndProject
Project("{FAE04EC0-301F-11D3-BF4B-00C04F79EFBC}") = "TerrainTutorial6", "TerrainTutorial6\TerrainTutorial6.csproj", "{775E07FF-7EA3-4B01-92D2-38E2FADC8454}"
EndProject
Global
	GlobalSection(SolutionConfigurationPlatforms) = preSolution
		Debug|x86 = Debug|x86
		Release|x86 = Release|x86
	EndGlobalSection
	GlobalSection(ProjectConfigurationPlatforms) = postSolution
		{E54BB75F-7BE5-4A3A-9B48-3DA91643B636}.Debug|x86.ActiveCfg = Debug|x86
		{E54BB75F-7BE5-4A3A-9B48-3DA91643B636}.Debug|x86.Build.0 = Debug|x86
		{E54BB75F-7BE5-4A3A-9B48-3DA91643B636}.Release|x86.ActiveCfg = Release|x86
		{E54BB75F-7BE5-4A3A-9B48-3DA91643B636}.Release|x86.Build.0 = Release|x86
		{7A5E07FF-7EA3-4B01-92D2-38E2FADC8454}.Debug|x86.ActiveCfg = Debug|x86
		{7A5E07FF-7EA3-4B01-92D2-38E2FADC8454}.Debug|x86.Build.0 = Debug|x86
		{7A5E07FF-7EA3-4B01-92D2-38E2FADC8454}.Release|x86.ActiveCfg = Release|x86
		{7A5E07FF-7EA3-4B01-92D2-38E2FADC8454}.Release|x86.Build.0 = Release|x86
		{4A5E07FF-7EA3-4B01-92D2-38E2FADC8454}.Debug|x86.ActiveCfg = Debug|x86
		{4A5E07FF-7EA3-4B01-92D2-38E2FADC8454}.Debug|x86.Build.0 = Debug|x86
		{4A5E07FF-7EA3-4B01-92D2-38E2FADC8454}.Release|x86.ActiveCfg = Release|x86
		{4A5E07FF-7EA3-4B01-92D2-38E2FADC8454}.Release|x86.Build.0 = Release|x86
		{5A5E07FF-7EA3-4B01-92D2-38E2FADC8454}.Debug|x86.ActiveCfg = Debug|x86
		{5A5E07FF-7EA3-4B01-92D2-38E2FADC8454}.Debug|x86.Build.0 = Debug|x86
		{5A5E07FF-7EA3-4B01-92D2-38E2FADC8454}.Release|x86.ActiveCfg = Release|x86
		{5A5E07FF-7EA3-4B01-92D2-38E2FADC8454}.Release|x86.Build.0 = Release|x86
		{6A5E07FF-7EA3-4B01-92D2-38E2FADC8454}.Debug|x86.ActiveCfg = Debug|x86
		{6A5E07FF-7EA3-4B01-92D2-38E2FADC8454}.Debug|x86.Build.0 = Debug|x86
		{6A5E07FF-7EA3-4B01-92D2-38E2FADC8454}.Release|x86.ActiveCfg = Release|x86
		{6A5E07FF-7EA3-4B01-92D2-38E2FADC8454}.Release|x86.Build.0 = Release|x86
		{775E07FF-7EA3-4B01-92D2-38E2FADC8454}.Debug|x86.ActiveCfg = Debug|x86
		{775E07FF-7EA3-4B01-92D2-38E2FADC8454}.Debug|x86.Build.0 = Debug|x86
		{775E07FF-7EA3-4B01-92D2-38E2FADC8454}.Release|x86.ActiveCfg = Release|x86
		{775E07FF-7EA3-4B01-92D2-38E2FADC8454}.Release|x86.Build.0 = Release|x86
		{8A5E07FF-7EA3-4B01-92D2-38E2FADC8454}.Debug|x86.ActiveCfg = Debug|x86
		{8A5E07FF-7EA3-4B01-92D2-38E2FADC8454}.Debug|x86.Build.0 = Debug|x86
		{8A5E07FF-7EA3-4B01-92D2-38E2FADC8454}.Release|x86.ActiveCfg = Release|x86
		{8A5E07FF-7EA3-4B01-92D2-38E2FADC8454}.Release|x86.Build.0 = Release|x86
		{9A5E07FF-7EA3-4B01-92D2-38E2FADC8454}.Debug|x86.ActiveCfg = Debug|x86
		{9A5E07FF-7EA3-4B01-92D2-38E2FADC8454}.Debug|x86.Build.0 = Debug|x86
		{9A5E07FF-7EA3-4B01-92D2-38E2FADC8454}.Release|x86.ActiveCfg = Release|x86
		{9A5E07FF-7EA3-4B01-92D2-38E2FADC8454}.Release|x86.Build.0 = Release|x86
		{105E07FF-7EA3-4B01-92D2-38E2FADC8454}.Debug|x86.ActiveCfg = Debug|x86
		{105E07FF-7EA3-4B01-92D2-38E2FADC8454}.Debug|x86.Build.0 = Debug|x86
		{105E07FF-7EA3-4B01-92D2-38E2FADC8454}.Release|x86.ActiveCfg = Release|x86
		{105E07FF-7EA3-4B01-92D2-38E2FADC8454}.Release|x86.Build.0 = Release|x86
		{115E07FF-7EA3-4B01-92D2-38E2FADC8454}.Debug|x86.ActiveCfg = Debug|x86
		{115E07FF-7EA3-4B01-92D2-38E2FADC8454}.Debug|x86.Build.0 = Debug|x86
		{115E07FF-7EA3-4B01-92D2-38E2FADC8454}.Release|x86.ActiveCfg = Release|x86
		{115E07FF-7EA3-4B01-92D2-38E2FADC8454}.Release|x86.Build.0 = Release|x86
		{125E07FF-7EA3-4B01-92D2-38E2FADC8454}.Debug|x86.ActiveCfg = Debug|x86
		{125E07FF-7EA3-4B01-92D2-38E2FADC8454}.Debug|x86.Build.0 = Debug|x86
		{125E07FF-7EA3-4B01-92D2-38E2FADC8454}.Release|x86.ActiveCfg = Release|x86
		{125E07FF-7EA3-4B01-92D2-38E2FADC8454}.Release|x86.Build.0 = Release|x86
		{135E07FF-7EA3-4B01-92D2-38E2FADC8454}.Debug|x86.ActiveCfg = Debug|x86
		{135E07FF-7EA3-4B01-92D2-38E2FADC8454}.Debug|x86.Build.0 = Debug|x86
		{135E07FF-7EA3-4B01-92D2-38E2FADC8454}.Release|x86.ActiveCfg = Release|x86
		{135E07FF-7EA3-4B01-92D2-38E2FADC8454}.Release|x86.Build.0 = Release|x86
		{145E07FF-7EA3-4B01-92D2-38E2FADC8454}.Debug|x86.ActiveCfg = Debug|x86
		{145E07FF-7EA3-4B01-92D2-38E2FADC8454}.Debug|x86.Build.0 = Debug|x86
		{145E07FF-7EA3-4B01-92D2-38E2FADC8454}.Release|x86.ActiveCfg = Release|x86
		{145E07FF-7EA3-4B01-92D2-38E2FADC8454}.Release|x86.Build.0 = Release|x86
		{155E07FF-7EA3-4B01-92D2-38E2FADC8454}.Debug|x86.ActiveCfg = Debug|x86
		{155E07FF-7EA3-4B01-92D2-38E2FADC8454}.Debug|x86.Build.0 = Debug|x86
		{155E07FF-7EA3-4B01-92D2-38E2FADC8454}.Release|x86.ActiveCfg = Release|x86
		{155E07FF-7EA3-4B01-92D2-38E2FADC8454}.Release|x86.Build.0 = Release|x86
		{165E07FF-7EA3-4B01-92D2-38E2FADC8454}.Debug|x86.ActiveCfg = Debug|x86
		{165E07FF-7EA3-4B01-92D2-38E2FADC8454}.Debug|x86.Build.0 = Debug|x86
		{165E07FF-7EA3-4B01-92D2-38E2FADC8454}.Release|x86.ActiveCfg = Release|x86
		{165E07FF-7EA3-4B01-92D2-38E2FADC8454}.Release|x86.Build.0 = Release|x86
		{175E07FF-7EA3-4B01-92D2-38E2FADC8454}.Debug|x86.ActiveCfg = Debug|x86
		{175E07FF-7EA3-4B01-92D2-38E2FADC8454}.Debug|x86.Build.0 = Debug|x86
		{175E07FF-7EA3-4B01-92D2-38E2FADC8454}.Release|x86.ActiveCfg = Release|x86
		{175E07FF-7EA3-4B01-92D2-38E2FADC8454}.Release|x86.Build.0 = Release|x86
		{185E07FF-7EA3-4B01-92D2-38E2FADC8454}.Debug|x86.ActiveCfg = Debug|x86
		{185E07FF-7EA3-4B01-92D2-38E2FADC8454}.Debug|x86.Build.0 = Debug|x86
		{185E07FF-7EA3-4B01-92D2-38E2FADC8454}.Release|x86.ActiveCfg = Release|x86
		{185E07FF-7EA3-4B01-92D2-38E2FADC8454}.Release|x86.Build.0 = Release|x86
		{195E07FF-7EA3-4B01-92D2-38E2FADC8454}.Debug|x86.ActiveCfg = Debug|x86
		{195E07FF-7EA3-4B01-92D2-38E2FADC8454}.Debug|x86.Build.0 = Debug|x86
		{195E07FF-7EA3-4B01-92D2-38E2FADC8454}.Release|x86.ActiveCfg = Release|x86
		{195E07FF-7EA3-4B01-92D2-38E2FADC8454}.Release|x86.Build.0 = Release|x86
		{205E07FF-7EA3-4B01-92D2-38E2FADC8454}.Debug|x86.ActiveCfg = Debug|x86
		{205E07FF-7EA3-4B01-92D2-38E2FADC8454}.Debug|x86.Build.0 = Debug|x86
		{205E07FF-7EA3-4B01-92D2-38E2FADC8454}.Release|x86.ActiveCfg = Release|x86
		{205E07FF-7EA3-4B01-92D2-38E2FADC8454}.Release|x86.Build.0 = Release|x86
		{225E07FF-7EA3-4B01-92D2-38E2FADC8454}.Debug|x86.ActiveCfg = Debug|x86
		{225E07FF-7EA3-4B01-92D2-38E2FADC8454}.Debug|x86.Build.0 = Debug|x86
		{225E07FF-7EA3-4B01-92D2-38E2FADC8454}.Release|x86.ActiveCfg = Release|x86
		{225E07FF-7EA3-4B01-92D2-38E2FADC8454}.Release|x86.Build.0 = Release|x86
		{235E07FF-7EA3-4B01-92D2-38E2FADC8454}.Debug|x86.ActiveCfg = Debug|x86
		{235E07FF-7EA3-4B01-92D2-38E2FADC8454}.Debug|x86.Build.0 = Debug|x86
		{235E07FF-7EA3-4B01-92D2-38E2FADC8454}.Release|x86.ActiveCfg = Release|x86
		{235E07FF-7EA3-4B01-92D2-38E2FADC8454}.Release|x86.Build.0 = Release|x86
		{245E07FF-7EA3-4B01-92D2-38E2FADC8454}.Debug|x86.ActiveCfg = Debug|x86
		{245E07FF-7EA3-4B01-92D2-38E2FADC8454}.Debug|x86.Build.0 = Debug|x86
		{245E07FF-7EA3-4B01-92D2-38E2FADC8454}.Release|x86.ActiveCfg = Release|x86
		{245E07FF-7EA3-4B01-92D2-38E2FADC8454}.Release|x86.Build.0 = Release|x86
		{255E07FF-7EA3-4B01-92D2-38E2FADC8454}.Debug|x86.ActiveCfg = Debug|x86
		{255E07FF-7EA3-4B01-92D2-38E2FADC8454}.Debug|x86.Build.0 = Debug|x86
		{255E07FF-7EA3-4B01-92D2-38E2FADC8454}.Release|x86.ActiveCfg = Release|x86
		{255E07FF-7EA3-4B01-92D2-38E2FADC8454}.Release|x86.Build.0 = Release|x86
		{265E07FF-7EA3-4B01-92D2-38E2FADC8454}.Debug|x86.ActiveCfg = Debug|x86
		{265E07FF-7EA3-4B01-92D2-38E2FADC8454}.Debug|x86.Build.0 = Debug|x86
		{265E07FF-7EA3-4B01-92D2-38E2FADC8454}.Release|x86.ActiveCfg = Release|x86
		{265E07FF-7EA3-4B01-92D2-38E2FADC8454}.Release|x86.Build.0 = Release|x86
	EndGlobalSection
	GlobalSection(SolutionProperties) = preSolution
		HideSolutionNode = FALSE
	EndGlobalSection
EndGlobal
